
Microsoft Visual Studio Solution File, Format Version 12.00
# Visual Studio 2013
VisualStudioVersion = 12.0.30110.0
MinimumVisualStudioVersion = 10.0.40219.1
Project("{8BC9CEB8-8B4A-11D0-8D11-00A0C91BC942}") = "fancy2D", "Extern\fancy2D\fancy2D.vcxproj", "{89A4F0A7-53F3-4C4F-AEFF-27074CCAE973}"
	ProjectSection(ProjectDependencies) = postProject
		{CBD78125-5A66-4033-9D65-0B348F4BDFCD} = {CBD78125-5A66-4033-9D65-0B348F4BDFCD}
		{D6F0F22B-302F-4447-B206-48BAE2F770C1} = {D6F0F22B-302F-4447-B206-48BAE2F770C1}
		{AAB5554E-9CD7-4AAD-8194-98C5982269A9} = {AAB5554E-9CD7-4AAD-8194-98C5982269A9}
		{BC7E0473-BC31-4CD7-8A44-860A482B6FE1} = {BC7E0473-BC31-4CD7-8A44-860A482B6FE1}
		{C964C5C1-AC38-4302-8224-A2A6353FB777} = {C964C5C1-AC38-4302-8224-A2A6353FB777}
	EndProjectSection
EndProject
Project("{8BC9CEB8-8B4A-11D0-8D11-00A0C91BC942}") = "fancylib", "Extern\fancylib\fancylib.vcxproj", "{D6F0F22B-302F-4447-B206-48BAE2F770C1}"
EndProject
Project("{8BC9CEB8-8B4A-11D0-8D11-00A0C91BC942}") = "DirectShowClass", "Extern\fancy2D\extern\DirectShowClass\DirectShowClass.vcxproj", "{BC7E0473-BC31-4CD7-8A44-860A482B6FE1}"
EndProject
Project("{8BC9CEB8-8B4A-11D0-8D11-00A0C91BC942}") = "freetype", "Extern\fancy2D\extern\freetype\freetype.vcxproj", "{AAB5554E-9CD7-4AAD-8194-98C5982269A9}"
EndProject
Project("{8BC9CEB8-8B4A-11D0-8D11-00A0C91BC942}") = "libogg", "Extern\fancy2D\extern\libogg\libogg.vcxproj", "{C964C5C1-AC38-4302-8224-A2A6353FB777}"
EndProject
Project("{8BC9CEB8-8B4A-11D0-8D11-00A0C91BC942}") = "libvorbis", "Extern\fancy2D\extern\libvorbis\libvorbis.vcxproj", "{CBD78125-5A66-4033-9D65-0B348F4BDFCD}"
EndProject
Project("{8BC9CEB8-8B4A-11D0-8D11-00A0C91BC942}") = "FancyFramework", "FancyFramework\FancyFramework.vcxproj", "{823088CA-22B2-448C-973C-035980773730}"
	ProjectSection(ProjectDependencies) = postProject
		{89A4F0A7-53F3-4C4F-AEFF-27074CCAE973} = {89A4F0A7-53F3-4C4F-AEFF-27074CCAE973}
	EndProjectSection
EndProject
Project("{8BC9CEB8-8B4A-11D0-8D11-00A0C91BC942}") = "FancyFrameworkTest", "FancyFrameworkTest\FancyFrameworkTest.vcxproj", "{187C9BF0-A77A-4E10-815F-DF4ACBA41DBA}"
	ProjectSection(ProjectDependencies) = postProject
		{38843A3A-6FEA-4EAF-9E8C-147B401A23B8} = {38843A3A-6FEA-4EAF-9E8C-147B401A23B8}
		{823088CA-22B2-448C-973C-035980773730} = {823088CA-22B2-448C-973C-035980773730}
	EndProjectSection
EndProject
Project("{2150E333-8FDC-42A3-9474-1A3956D46DE8}") = "f2dExtern", "f2dExtern", "{DDDBF611-A26E-454B-BC73-9F1926B36DE8}"
EndProject
Project("{2150E333-8FDC-42A3-9474-1A3956D46DE8}") = "Extern", "Extern", "{F4BD6353-D9C4-497C-8F3F-AD7C150552DD}"
EndProject
Project("{2150E333-8FDC-42A3-9474-1A3956D46DE8}") = "Examples", "Examples", "{FCA5D8BB-9AAC-49F9-8817-9F4E36701F80}"
EndProject
Project("{8BC9CEB8-8B4A-11D0-8D11-00A0C91BC942}") = "Helloworld", "Examples\Helloworld\Helloworld.vcxproj", "{39ED2411-0875-4C64-8944-BEB4D8452A9E}"
	ProjectSection(ProjectDependencies) = postProject
		{823088CA-22B2-448C-973C-035980773730} = {823088CA-22B2-448C-973C-035980773730}
	EndProjectSection
EndProject
Project("{8BC9CEB8-8B4A-11D0-8D11-00A0C91BC942}") = "ChangeScene", "Examples\ChangeScene\ChangeScene.vcxproj", "{C0C30EFB-FAEC-4C8C-A67E-F181E14FD49E}"
	ProjectSection(ProjectDependencies) = postProject
		{823088CA-22B2-448C-973C-035980773730} = {823088CA-22B2-448C-973C-035980773730}
	EndProjectSection
EndProject
Project("{8BC9CEB8-8B4A-11D0-8D11-00A0C91BC942}") = "DrawLogo", "Examples\DrawLogo\DrawLogo.vcxproj", "{56168C50-8487-470F-AF50-5B2453ABC73F}"
	ProjectSection(ProjectDependencies) = postProject
		{823088CA-22B2-448C-973C-035980773730} = {823088CA-22B2-448C-973C-035980773730}
	EndProjectSection
EndProject
Project("{8BC9CEB8-8B4A-11D0-8D11-00A0C91BC942}") = "SolidLayers", "Examples\SolidLayers\SolidLayers.vcxproj", "{6DCB9DB9-31C3-4936-A558-66E814D16285}"
	ProjectSection(ProjectDependencies) = postProject
		{823088CA-22B2-448C-973C-035980773730} = {823088CA-22B2-448C-973C-035980773730}
	EndProjectSection
EndProject
Project("{8BC9CEB8-8B4A-11D0-8D11-00A0C91BC942}") = "CameraControl", "Examples\CameraControl\CameraControl.vcxproj", "{5C7CBE0B-145D-4E21-A301-3FD667F7DDD9}"
	ProjectSection(ProjectDependencies) = postProject
		{823088CA-22B2-448C-973C-035980773730} = {823088CA-22B2-448C-973C-035980773730}
	EndProjectSection
EndProject
Project("{8BC9CEB8-8B4A-11D0-8D11-00A0C91BC942}") = "FancyFrameworkImageset", "FancyFrameworkImageSet\FancyFrameworkImageSet.vcxproj", "{38843A3A-6FEA-4EAF-9E8C-147B401A23B8}"
	ProjectSection(ProjectDependencies) = postProject
		{823088CA-22B2-448C-973C-035980773730} = {823088CA-22B2-448C-973C-035980773730}
	EndProjectSection
EndProject
Global
	GlobalSection(SolutionConfigurationPlatforms) = preSolution
		CD_ROM|Any CPU = CD_ROM|Any CPU
		CD_ROM|ARM = CD_ROM|ARM
		CD_ROM|Mixed Platforms = CD_ROM|Mixed Platforms
		CD_ROM|Win32 = CD_ROM|Win32
		CD_ROM|x64 = CD_ROM|x64
		Debug|Any CPU = Debug|Any CPU
		Debug|ARM = Debug|ARM
		Debug|Mixed Platforms = Debug|Mixed Platforms
		Debug|Win32 = Debug|Win32
		Debug|x64 = Debug|x64
		DVD-5|Any CPU = DVD-5|Any CPU
		DVD-5|ARM = DVD-5|ARM
		DVD-5|Mixed Platforms = DVD-5|Mixed Platforms
		DVD-5|Win32 = DVD-5|Win32
		DVD-5|x64 = DVD-5|x64
		Release|Any CPU = Release|Any CPU
		Release|ARM = Release|ARM
		Release|Mixed Platforms = Release|Mixed Platforms
		Release|Win32 = Release|Win32
		Release|x64 = Release|x64
		SingleImage|Any CPU = SingleImage|Any CPU
		SingleImage|ARM = SingleImage|ARM
		SingleImage|Mixed Platforms = SingleImage|Mixed Platforms
		SingleImage|Win32 = SingleImage|Win32
		SingleImage|x64 = SingleImage|x64
	EndGlobalSection
	GlobalSection(ProjectConfigurationPlatforms) = postSolution
		{89A4F0A7-53F3-4C4F-AEFF-27074CCAE973}.CD_ROM|Any CPU.ActiveCfg = Release|Win32
		{89A4F0A7-53F3-4C4F-AEFF-27074CCAE973}.CD_ROM|ARM.ActiveCfg = Release|ARM
		{89A4F0A7-53F3-4C4F-AEFF-27074CCAE973}.CD_ROM|ARM.Build.0 = Release|ARM
		{89A4F0A7-53F3-4C4F-AEFF-27074CCAE973}.CD_ROM|Mixed Platforms.ActiveCfg = Release|Win32
		{89A4F0A7-53F3-4C4F-AEFF-27074CCAE973}.CD_ROM|Mixed Platforms.Build.0 = Release|Win32
		{89A4F0A7-53F3-4C4F-AEFF-27074CCAE973}.CD_ROM|Win32.ActiveCfg = Release|Win32
		{89A4F0A7-53F3-4C4F-AEFF-27074CCAE973}.CD_ROM|Win32.Build.0 = Release|Win32
		{89A4F0A7-53F3-4C4F-AEFF-27074CCAE973}.CD_ROM|x64.ActiveCfg = Release|Win32
		{89A4F0A7-53F3-4C4F-AEFF-27074CCAE973}.Debug|Any CPU.ActiveCfg = Debug|Win32
		{89A4F0A7-53F3-4C4F-AEFF-27074CCAE973}.Debug|ARM.ActiveCfg = Debug|ARM
		{89A4F0A7-53F3-4C4F-AEFF-27074CCAE973}.Debug|ARM.Build.0 = Debug|ARM
		{89A4F0A7-53F3-4C4F-AEFF-27074CCAE973}.Debug|Mixed Platforms.ActiveCfg = Debug|Win32
		{89A4F0A7-53F3-4C4F-AEFF-27074CCAE973}.Debug|Mixed Platforms.Build.0 = Debug|Win32
		{89A4F0A7-53F3-4C4F-AEFF-27074CCAE973}.Debug|Win32.ActiveCfg = Debug|Win32
		{89A4F0A7-53F3-4C4F-AEFF-27074CCAE973}.Debug|Win32.Build.0 = Debug|Win32
		{89A4F0A7-53F3-4C4F-AEFF-27074CCAE973}.Debug|x64.ActiveCfg = Debug|Win32
		{89A4F0A7-53F3-4C4F-AEFF-27074CCAE973}.DVD-5|Any CPU.ActiveCfg = Debug|Win32
		{89A4F0A7-53F3-4C4F-AEFF-27074CCAE973}.DVD-5|ARM.ActiveCfg = Debug|ARM
		{89A4F0A7-53F3-4C4F-AEFF-27074CCAE973}.DVD-5|ARM.Build.0 = Debug|ARM
		{89A4F0A7-53F3-4C4F-AEFF-27074CCAE973}.DVD-5|Mixed Platforms.ActiveCfg = Debug|Win32
		{89A4F0A7-53F3-4C4F-AEFF-27074CCAE973}.DVD-5|Mixed Platforms.Build.0 = Debug|Win32
		{89A4F0A7-53F3-4C4F-AEFF-27074CCAE973}.DVD-5|Win32.ActiveCfg = Debug|Win32
		{89A4F0A7-53F3-4C4F-AEFF-27074CCAE973}.DVD-5|Win32.Build.0 = Debug|Win32
		{89A4F0A7-53F3-4C4F-AEFF-27074CCAE973}.DVD-5|x64.ActiveCfg = Debug|Win32
		{89A4F0A7-53F3-4C4F-AEFF-27074CCAE973}.Release|Any CPU.ActiveCfg = Release|Win32
		{89A4F0A7-53F3-4C4F-AEFF-27074CCAE973}.Release|ARM.ActiveCfg = Release|ARM
		{89A4F0A7-53F3-4C4F-AEFF-27074CCAE973}.Release|ARM.Build.0 = Release|ARM
		{89A4F0A7-53F3-4C4F-AEFF-27074CCAE973}.Release|Mixed Platforms.ActiveCfg = Release|Win32
		{89A4F0A7-53F3-4C4F-AEFF-27074CCAE973}.Release|Mixed Platforms.Build.0 = Release|Win32
		{89A4F0A7-53F3-4C4F-AEFF-27074CCAE973}.Release|Win32.ActiveCfg = Release|Win32
		{89A4F0A7-53F3-4C4F-AEFF-27074CCAE973}.Release|Win32.Build.0 = Release|Win32
		{89A4F0A7-53F3-4C4F-AEFF-27074CCAE973}.Release|x64.ActiveCfg = Release|Win32
		{89A4F0A7-53F3-4C4F-AEFF-27074CCAE973}.SingleImage|Any CPU.ActiveCfg = Release|Win32
		{89A4F0A7-53F3-4C4F-AEFF-27074CCAE973}.SingleImage|ARM.ActiveCfg = Release|ARM
		{89A4F0A7-53F3-4C4F-AEFF-27074CCAE973}.SingleImage|ARM.Build.0 = Release|ARM
		{89A4F0A7-53F3-4C4F-AEFF-27074CCAE973}.SingleImage|Mixed Platforms.ActiveCfg = Release|Win32
		{89A4F0A7-53F3-4C4F-AEFF-27074CCAE973}.SingleImage|Mixed Platforms.Build.0 = Release|Win32
		{89A4F0A7-53F3-4C4F-AEFF-27074CCAE973}.SingleImage|Win32.ActiveCfg = Release|Win32
		{89A4F0A7-53F3-4C4F-AEFF-27074CCAE973}.SingleImage|Win32.Build.0 = Release|Win32
		{89A4F0A7-53F3-4C4F-AEFF-27074CCAE973}.SingleImage|x64.ActiveCfg = Release|Win32
		{D6F0F22B-302F-4447-B206-48BAE2F770C1}.CD_ROM|Any CPU.ActiveCfg = Release|Win32
		{D6F0F22B-302F-4447-B206-48BAE2F770C1}.CD_ROM|ARM.ActiveCfg = Release|ARM
		{D6F0F22B-302F-4447-B206-48BAE2F770C1}.CD_ROM|ARM.Build.0 = Release|ARM
		{D6F0F22B-302F-4447-B206-48BAE2F770C1}.CD_ROM|Mixed Platforms.ActiveCfg = Release|Win32
		{D6F0F22B-302F-4447-B206-48BAE2F770C1}.CD_ROM|Mixed Platforms.Build.0 = Release|Win32
		{D6F0F22B-302F-4447-B206-48BAE2F770C1}.CD_ROM|Win32.ActiveCfg = Release|Win32
		{D6F0F22B-302F-4447-B206-48BAE2F770C1}.CD_ROM|Win32.Build.0 = Release|Win32
		{D6F0F22B-302F-4447-B206-48BAE2F770C1}.CD_ROM|x64.ActiveCfg = Release|x64
		{D6F0F22B-302F-4447-B206-48BAE2F770C1}.CD_ROM|x64.Build.0 = Release|x64
		{D6F0F22B-302F-4447-B206-48BAE2F770C1}.Debug|Any CPU.ActiveCfg = Debug|Win32
		{D6F0F22B-302F-4447-B206-48BAE2F770C1}.Debug|ARM.ActiveCfg = Debug|ARM
		{D6F0F22B-302F-4447-B206-48BAE2F770C1}.Debug|ARM.Build.0 = Debug|ARM
		{D6F0F22B-302F-4447-B206-48BAE2F770C1}.Debug|Mixed Platforms.ActiveCfg = Debug|Win32
		{D6F0F22B-302F-4447-B206-48BAE2F770C1}.Debug|Mixed Platforms.Build.0 = Debug|Win32
		{D6F0F22B-302F-4447-B206-48BAE2F770C1}.Debug|Win32.ActiveCfg = Debug|Win32
		{D6F0F22B-302F-4447-B206-48BAE2F770C1}.Debug|Win32.Build.0 = Debug|Win32
		{D6F0F22B-302F-4447-B206-48BAE2F770C1}.Debug|x64.ActiveCfg = Debug|x64
		{D6F0F22B-302F-4447-B206-48BAE2F770C1}.Debug|x64.Build.0 = Debug|x64
		{D6F0F22B-302F-4447-B206-48BAE2F770C1}.DVD-5|Any CPU.ActiveCfg = Debug|Win32
		{D6F0F22B-302F-4447-B206-48BAE2F770C1}.DVD-5|ARM.ActiveCfg = Debug|ARM
		{D6F0F22B-302F-4447-B206-48BAE2F770C1}.DVD-5|ARM.Build.0 = Debug|ARM
		{D6F0F22B-302F-4447-B206-48BAE2F770C1}.DVD-5|Mixed Platforms.ActiveCfg = Debug|Win32
		{D6F0F22B-302F-4447-B206-48BAE2F770C1}.DVD-5|Mixed Platforms.Build.0 = Debug|Win32
		{D6F0F22B-302F-4447-B206-48BAE2F770C1}.DVD-5|Win32.ActiveCfg = Debug|Win32
		{D6F0F22B-302F-4447-B206-48BAE2F770C1}.DVD-5|Win32.Build.0 = Debug|Win32
		{D6F0F22B-302F-4447-B206-48BAE2F770C1}.DVD-5|x64.ActiveCfg = Debug|x64
		{D6F0F22B-302F-4447-B206-48BAE2F770C1}.DVD-5|x64.Build.0 = Debug|x64
		{D6F0F22B-302F-4447-B206-48BAE2F770C1}.Release|Any CPU.ActiveCfg = Release|Win32
		{D6F0F22B-302F-4447-B206-48BAE2F770C1}.Release|ARM.ActiveCfg = Release|ARM
		{D6F0F22B-302F-4447-B206-48BAE2F770C1}.Release|ARM.Build.0 = Release|ARM
		{D6F0F22B-302F-4447-B206-48BAE2F770C1}.Release|Mixed Platforms.ActiveCfg = Release|Win32
		{D6F0F22B-302F-4447-B206-48BAE2F770C1}.Release|Mixed Platforms.Build.0 = Release|Win32
		{D6F0F22B-302F-4447-B206-48BAE2F770C1}.Release|Win32.ActiveCfg = Release|Win32
		{D6F0F22B-302F-4447-B206-48BAE2F770C1}.Release|Win32.Build.0 = Release|Win32
		{D6F0F22B-302F-4447-B206-48BAE2F770C1}.Release|x64.ActiveCfg = Release|x64
		{D6F0F22B-302F-4447-B206-48BAE2F770C1}.Release|x64.Build.0 = Release|x64
		{D6F0F22B-302F-4447-B206-48BAE2F770C1}.SingleImage|Any CPU.ActiveCfg = Release|Win32
		{D6F0F22B-302F-4447-B206-48BAE2F770C1}.SingleImage|ARM.ActiveCfg = Release|ARM
		{D6F0F22B-302F-4447-B206-48BAE2F770C1}.SingleImage|ARM.Build.0 = Release|ARM
		{D6F0F22B-302F-4447-B206-48BAE2F770C1}.SingleImage|Mixed Platforms.ActiveCfg = Release|Win32
		{D6F0F22B-302F-4447-B206-48BAE2F770C1}.SingleImage|Mixed Platforms.Build.0 = Release|Win32
		{D6F0F22B-302F-4447-B206-48BAE2F770C1}.SingleImage|Win32.ActiveCfg = Release|Win32
		{D6F0F22B-302F-4447-B206-48BAE2F770C1}.SingleImage|Win32.Build.0 = Release|Win32
		{D6F0F22B-302F-4447-B206-48BAE2F770C1}.SingleImage|x64.ActiveCfg = Release|x64
		{D6F0F22B-302F-4447-B206-48BAE2F770C1}.SingleImage|x64.Build.0 = Release|x64
		{BC7E0473-BC31-4CD7-8A44-860A482B6FE1}.CD_ROM|Any CPU.ActiveCfg = Release|Win32
		{BC7E0473-BC31-4CD7-8A44-860A482B6FE1}.CD_ROM|ARM.ActiveCfg = Release|ARM
		{BC7E0473-BC31-4CD7-8A44-860A482B6FE1}.CD_ROM|ARM.Build.0 = Release|ARM
		{BC7E0473-BC31-4CD7-8A44-860A482B6FE1}.CD_ROM|Mixed Platforms.ActiveCfg = Release|Win32
		{BC7E0473-BC31-4CD7-8A44-860A482B6FE1}.CD_ROM|Mixed Platforms.Build.0 = Release|Win32
		{BC7E0473-BC31-4CD7-8A44-860A482B6FE1}.CD_ROM|Win32.ActiveCfg = Release|Win32
		{BC7E0473-BC31-4CD7-8A44-860A482B6FE1}.CD_ROM|Win32.Build.0 = Release|Win32
		{BC7E0473-BC31-4CD7-8A44-860A482B6FE1}.CD_ROM|x64.ActiveCfg = Release|Win32
		{BC7E0473-BC31-4CD7-8A44-860A482B6FE1}.Debug|Any CPU.ActiveCfg = Debug|Win32
		{BC7E0473-BC31-4CD7-8A44-860A482B6FE1}.Debug|ARM.ActiveCfg = Debug|ARM
		{BC7E0473-BC31-4CD7-8A44-860A482B6FE1}.Debug|ARM.Build.0 = Debug|ARM
		{BC7E0473-BC31-4CD7-8A44-860A482B6FE1}.Debug|Mixed Platforms.ActiveCfg = Debug|Win32
		{BC7E0473-BC31-4CD7-8A44-860A482B6FE1}.Debug|Mixed Platforms.Build.0 = Debug|Win32
		{BC7E0473-BC31-4CD7-8A44-860A482B6FE1}.Debug|Win32.ActiveCfg = Debug|Win32
		{BC7E0473-BC31-4CD7-8A44-860A482B6FE1}.Debug|Win32.Build.0 = Debug|Win32
		{BC7E0473-BC31-4CD7-8A44-860A482B6FE1}.Debug|x64.ActiveCfg = Debug|Win32
		{BC7E0473-BC31-4CD7-8A44-860A482B6FE1}.DVD-5|Any CPU.ActiveCfg = Debug|Win32
		{BC7E0473-BC31-4CD7-8A44-860A482B6FE1}.DVD-5|ARM.ActiveCfg = Debug|ARM
		{BC7E0473-BC31-4CD7-8A44-860A482B6FE1}.DVD-5|ARM.Build.0 = Debug|ARM
		{BC7E0473-BC31-4CD7-8A44-860A482B6FE1}.DVD-5|Mixed Platforms.ActiveCfg = Debug|Win32
		{BC7E0473-BC31-4CD7-8A44-860A482B6FE1}.DVD-5|Mixed Platforms.Build.0 = Debug|Win32
		{BC7E0473-BC31-4CD7-8A44-860A482B6FE1}.DVD-5|Win32.ActiveCfg = Debug|Win32
		{BC7E0473-BC31-4CD7-8A44-860A482B6FE1}.DVD-5|Win32.Build.0 = Debug|Win32
		{BC7E0473-BC31-4CD7-8A44-860A482B6FE1}.DVD-5|x64.ActiveCfg = Debug|Win32
		{BC7E0473-BC31-4CD7-8A44-860A482B6FE1}.Release|Any CPU.ActiveCfg = Release|Win32
		{BC7E0473-BC31-4CD7-8A44-860A482B6FE1}.Release|ARM.ActiveCfg = Release|ARM
		{BC7E0473-BC31-4CD7-8A44-860A482B6FE1}.Release|ARM.Build.0 = Release|ARM
		{BC7E0473-BC31-4CD7-8A44-860A482B6FE1}.Release|Mixed Platforms.ActiveCfg = Release|Win32
		{BC7E0473-BC31-4CD7-8A44-860A482B6FE1}.Release|Mixed Platforms.Build.0 = Release|Win32
		{BC7E0473-BC31-4CD7-8A44-860A482B6FE1}.Release|Win32.ActiveCfg = Release|Win32
		{BC7E0473-BC31-4CD7-8A44-860A482B6FE1}.Release|Win32.Build.0 = Release|Win32
		{BC7E0473-BC31-4CD7-8A44-860A482B6FE1}.Release|x64.ActiveCfg = Release|Win32
		{BC7E0473-BC31-4CD7-8A44-860A482B6FE1}.SingleImage|Any CPU.ActiveCfg = Release|Win32
		{BC7E0473-BC31-4CD7-8A44-860A482B6FE1}.SingleImage|ARM.ActiveCfg = Release|ARM
		{BC7E0473-BC31-4CD7-8A44-860A482B6FE1}.SingleImage|ARM.Build.0 = Release|ARM
		{BC7E0473-BC31-4CD7-8A44-860A482B6FE1}.SingleImage|Mixed Platforms.ActiveCfg = Release|Win32
		{BC7E0473-BC31-4CD7-8A44-860A482B6FE1}.SingleImage|Mixed Platforms.Build.0 = Release|Win32
		{BC7E0473-BC31-4CD7-8A44-860A482B6FE1}.SingleImage|Win32.ActiveCfg = Release|Win32
		{BC7E0473-BC31-4CD7-8A44-860A482B6FE1}.SingleImage|Win32.Build.0 = Release|Win32
		{BC7E0473-BC31-4CD7-8A44-860A482B6FE1}.SingleImage|x64.ActiveCfg = Release|Win32
		{AAB5554E-9CD7-4AAD-8194-98C5982269A9}.CD_ROM|Any CPU.ActiveCfg = Release|Win32
		{AAB5554E-9CD7-4AAD-8194-98C5982269A9}.CD_ROM|ARM.ActiveCfg = Release|ARM
		{AAB5554E-9CD7-4AAD-8194-98C5982269A9}.CD_ROM|ARM.Build.0 = Release|ARM
		{AAB5554E-9CD7-4AAD-8194-98C5982269A9}.CD_ROM|Mixed Platforms.ActiveCfg = Release|Win32
		{AAB5554E-9CD7-4AAD-8194-98C5982269A9}.CD_ROM|Mixed Platforms.Build.0 = Release|Win32
		{AAB5554E-9CD7-4AAD-8194-98C5982269A9}.CD_ROM|Win32.ActiveCfg = Release|Win32
		{AAB5554E-9CD7-4AAD-8194-98C5982269A9}.CD_ROM|Win32.Build.0 = Release|Win32
		{AAB5554E-9CD7-4AAD-8194-98C5982269A9}.CD_ROM|x64.ActiveCfg = Release|Win32
		{AAB5554E-9CD7-4AAD-8194-98C5982269A9}.Debug|Any CPU.ActiveCfg = Debug|Win32
		{AAB5554E-9CD7-4AAD-8194-98C5982269A9}.Debug|ARM.ActiveCfg = Debug|ARM
		{AAB5554E-9CD7-4AAD-8194-98C5982269A9}.Debug|ARM.Build.0 = Debug|ARM
		{AAB5554E-9CD7-4AAD-8194-98C5982269A9}.Debug|Mixed Platforms.ActiveCfg = Debug|Win32
		{AAB5554E-9CD7-4AAD-8194-98C5982269A9}.Debug|Mixed Platforms.Build.0 = Debug|Win32
		{AAB5554E-9CD7-4AAD-8194-98C5982269A9}.Debug|Win32.ActiveCfg = Debug|Win32
		{AAB5554E-9CD7-4AAD-8194-98C5982269A9}.Debug|Win32.Build.0 = Debug|Win32
		{AAB5554E-9CD7-4AAD-8194-98C5982269A9}.Debug|x64.ActiveCfg = Debug|Win32
		{AAB5554E-9CD7-4AAD-8194-98C5982269A9}.DVD-5|Any CPU.ActiveCfg = Debug|Win32
		{AAB5554E-9CD7-4AAD-8194-98C5982269A9}.DVD-5|ARM.ActiveCfg = Debug|ARM
		{AAB5554E-9CD7-4AAD-8194-98C5982269A9}.DVD-5|ARM.Build.0 = Debug|ARM
		{AAB5554E-9CD7-4AAD-8194-98C5982269A9}.DVD-5|Mixed Platforms.ActiveCfg = Debug|Win32
		{AAB5554E-9CD7-4AAD-8194-98C5982269A9}.DVD-5|Mixed Platforms.Build.0 = Debug|Win32
		{AAB5554E-9CD7-4AAD-8194-98C5982269A9}.DVD-5|Win32.ActiveCfg = Debug|Win32
		{AAB5554E-9CD7-4AAD-8194-98C5982269A9}.DVD-5|Win32.Build.0 = Debug|Win32
		{AAB5554E-9CD7-4AAD-8194-98C5982269A9}.DVD-5|x64.ActiveCfg = Debug|Win32
		{AAB5554E-9CD7-4AAD-8194-98C5982269A9}.Release|Any CPU.ActiveCfg = Release|Win32
		{AAB5554E-9CD7-4AAD-8194-98C5982269A9}.Release|ARM.ActiveCfg = Release|ARM
		{AAB5554E-9CD7-4AAD-8194-98C5982269A9}.Release|ARM.Build.0 = Release|ARM
		{AAB5554E-9CD7-4AAD-8194-98C5982269A9}.Release|Mixed Platforms.ActiveCfg = Release|Win32
		{AAB5554E-9CD7-4AAD-8194-98C5982269A9}.Release|Mixed Platforms.Build.0 = Release|Win32
		{AAB5554E-9CD7-4AAD-8194-98C5982269A9}.Release|Win32.ActiveCfg = Release|Win32
		{AAB5554E-9CD7-4AAD-8194-98C5982269A9}.Release|Win32.Build.0 = Release|Win32
		{AAB5554E-9CD7-4AAD-8194-98C5982269A9}.Release|x64.ActiveCfg = Release|Win32
		{AAB5554E-9CD7-4AAD-8194-98C5982269A9}.SingleImage|Any CPU.ActiveCfg = Release|Win32
		{AAB5554E-9CD7-4AAD-8194-98C5982269A9}.SingleImage|ARM.ActiveCfg = Release|ARM
		{AAB5554E-9CD7-4AAD-8194-98C5982269A9}.SingleImage|ARM.Build.0 = Release|ARM
		{AAB5554E-9CD7-4AAD-8194-98C5982269A9}.SingleImage|Mixed Platforms.ActiveCfg = Release|Win32
		{AAB5554E-9CD7-4AAD-8194-98C5982269A9}.SingleImage|Mixed Platforms.Build.0 = Release|Win32
		{AAB5554E-9CD7-4AAD-8194-98C5982269A9}.SingleImage|Win32.ActiveCfg = Release|Win32
		{AAB5554E-9CD7-4AAD-8194-98C5982269A9}.SingleImage|Win32.Build.0 = Release|Win32
		{AAB5554E-9CD7-4AAD-8194-98C5982269A9}.SingleImage|x64.ActiveCfg = Release|Win32
		{C964C5C1-AC38-4302-8224-A2A6353FB777}.CD_ROM|Any CPU.ActiveCfg = Release|Win32
		{C964C5C1-AC38-4302-8224-A2A6353FB777}.CD_ROM|ARM.ActiveCfg = Release|ARM
		{C964C5C1-AC38-4302-8224-A2A6353FB777}.CD_ROM|ARM.Build.0 = Release|ARM
		{C964C5C1-AC38-4302-8224-A2A6353FB777}.CD_ROM|Mixed Platforms.ActiveCfg = Release|Win32
		{C964C5C1-AC38-4302-8224-A2A6353FB777}.CD_ROM|Mixed Platforms.Build.0 = Release|Win32
		{C964C5C1-AC38-4302-8224-A2A6353FB777}.CD_ROM|Win32.ActiveCfg = Release|Win32
		{C964C5C1-AC38-4302-8224-A2A6353FB777}.CD_ROM|Win32.Build.0 = Release|Win32
		{C964C5C1-AC38-4302-8224-A2A6353FB777}.CD_ROM|x64.ActiveCfg = Release|Win32
		{C964C5C1-AC38-4302-8224-A2A6353FB777}.Debug|Any CPU.ActiveCfg = Debug|Win32
		{C964C5C1-AC38-4302-8224-A2A6353FB777}.Debug|ARM.ActiveCfg = Debug|ARM
		{C964C5C1-AC38-4302-8224-A2A6353FB777}.Debug|ARM.Build.0 = Debug|ARM
		{C964C5C1-AC38-4302-8224-A2A6353FB777}.Debug|Mixed Platforms.ActiveCfg = Debug|Win32
		{C964C5C1-AC38-4302-8224-A2A6353FB777}.Debug|Mixed Platforms.Build.0 = Debug|Win32
		{C964C5C1-AC38-4302-8224-A2A6353FB777}.Debug|Win32.ActiveCfg = Debug|Win32
		{C964C5C1-AC38-4302-8224-A2A6353FB777}.Debug|Win32.Build.0 = Debug|Win32
		{C964C5C1-AC38-4302-8224-A2A6353FB777}.Debug|x64.ActiveCfg = Debug|Win32
		{C964C5C1-AC38-4302-8224-A2A6353FB777}.DVD-5|Any CPU.ActiveCfg = Debug|Win32
		{C964C5C1-AC38-4302-8224-A2A6353FB777}.DVD-5|ARM.ActiveCfg = Debug|ARM
		{C964C5C1-AC38-4302-8224-A2A6353FB777}.DVD-5|ARM.Build.0 = Debug|ARM
		{C964C5C1-AC38-4302-8224-A2A6353FB777}.DVD-5|Mixed Platforms.ActiveCfg = Debug|Win32
		{C964C5C1-AC38-4302-8224-A2A6353FB777}.DVD-5|Mixed Platforms.Build.0 = Debug|Win32
		{C964C5C1-AC38-4302-8224-A2A6353FB777}.DVD-5|Win32.ActiveCfg = Debug|Win32
		{C964C5C1-AC38-4302-8224-A2A6353FB777}.DVD-5|Win32.Build.0 = Debug|Win32
		{C964C5C1-AC38-4302-8224-A2A6353FB777}.DVD-5|x64.ActiveCfg = Debug|Win32
		{C964C5C1-AC38-4302-8224-A2A6353FB777}.Release|Any CPU.ActiveCfg = Release|Win32
		{C964C5C1-AC38-4302-8224-A2A6353FB777}.Release|ARM.ActiveCfg = Release|ARM
		{C964C5C1-AC38-4302-8224-A2A6353FB777}.Release|ARM.Build.0 = Release|ARM
		{C964C5C1-AC38-4302-8224-A2A6353FB777}.Release|Mixed Platforms.ActiveCfg = Release|Win32
		{C964C5C1-AC38-4302-8224-A2A6353FB777}.Release|Mixed Platforms.Build.0 = Release|Win32
		{C964C5C1-AC38-4302-8224-A2A6353FB777}.Release|Win32.ActiveCfg = Release|Win32
		{C964C5C1-AC38-4302-8224-A2A6353FB777}.Release|Win32.Build.0 = Release|Win32
		{C964C5C1-AC38-4302-8224-A2A6353FB777}.Release|x64.ActiveCfg = Release|Win32
		{C964C5C1-AC38-4302-8224-A2A6353FB777}.SingleImage|Any CPU.ActiveCfg = Release|Win32
		{C964C5C1-AC38-4302-8224-A2A6353FB777}.SingleImage|ARM.ActiveCfg = Release|ARM
		{C964C5C1-AC38-4302-8224-A2A6353FB777}.SingleImage|ARM.Build.0 = Release|ARM
		{C964C5C1-AC38-4302-8224-A2A6353FB777}.SingleImage|Mixed Platforms.ActiveCfg = Release|Win32
		{C964C5C1-AC38-4302-8224-A2A6353FB777}.SingleImage|Mixed Platforms.Build.0 = Release|Win32
		{C964C5C1-AC38-4302-8224-A2A6353FB777}.SingleImage|Win32.ActiveCfg = Release|Win32
		{C964C5C1-AC38-4302-8224-A2A6353FB777}.SingleImage|Win32.Build.0 = Release|Win32
		{C964C5C1-AC38-4302-8224-A2A6353FB777}.SingleImage|x64.ActiveCfg = Release|Win32
		{CBD78125-5A66-4033-9D65-0B348F4BDFCD}.CD_ROM|Any CPU.ActiveCfg = Release|Win32
		{CBD78125-5A66-4033-9D65-0B348F4BDFCD}.CD_ROM|ARM.ActiveCfg = Release|ARM
		{CBD78125-5A66-4033-9D65-0B348F4BDFCD}.CD_ROM|ARM.Build.0 = Release|ARM
		{CBD78125-5A66-4033-9D65-0B348F4BDFCD}.CD_ROM|Mixed Platforms.ActiveCfg = Release|Win32
		{CBD78125-5A66-4033-9D65-0B348F4BDFCD}.CD_ROM|Mixed Platforms.Build.0 = Release|Win32
		{CBD78125-5A66-4033-9D65-0B348F4BDFCD}.CD_ROM|Win32.ActiveCfg = Release|Win32
		{CBD78125-5A66-4033-9D65-0B348F4BDFCD}.CD_ROM|Win32.Build.0 = Release|Win32
		{CBD78125-5A66-4033-9D65-0B348F4BDFCD}.CD_ROM|x64.ActiveCfg = Release|Win32
		{CBD78125-5A66-4033-9D65-0B348F4BDFCD}.Debug|Any CPU.ActiveCfg = Debug|Win32
		{CBD78125-5A66-4033-9D65-0B348F4BDFCD}.Debug|ARM.ActiveCfg = Debug|ARM
		{CBD78125-5A66-4033-9D65-0B348F4BDFCD}.Debug|ARM.Build.0 = Debug|ARM
		{CBD78125-5A66-4033-9D65-0B348F4BDFCD}.Debug|Mixed Platforms.ActiveCfg = Debug|Win32
		{CBD78125-5A66-4033-9D65-0B348F4BDFCD}.Debug|Mixed Platforms.Build.0 = Debug|Win32
		{CBD78125-5A66-4033-9D65-0B348F4BDFCD}.Debug|Win32.ActiveCfg = Debug|Win32
		{CBD78125-5A66-4033-9D65-0B348F4BDFCD}.Debug|Win32.Build.0 = Debug|Win32
		{CBD78125-5A66-4033-9D65-0B348F4BDFCD}.Debug|x64.ActiveCfg = Debug|Win32
		{CBD78125-5A66-4033-9D65-0B348F4BDFCD}.DVD-5|Any CPU.ActiveCfg = Debug|Win32
		{CBD78125-5A66-4033-9D65-0B348F4BDFCD}.DVD-5|ARM.ActiveCfg = Debug|ARM
		{CBD78125-5A66-4033-9D65-0B348F4BDFCD}.DVD-5|ARM.Build.0 = Debug|ARM
		{CBD78125-5A66-4033-9D65-0B348F4BDFCD}.DVD-5|Mixed Platforms.ActiveCfg = Debug|Win32
		{CBD78125-5A66-4033-9D65-0B348F4BDFCD}.DVD-5|Mixed Platforms.Build.0 = Debug|Win32
		{CBD78125-5A66-4033-9D65-0B348F4BDFCD}.DVD-5|Win32.ActiveCfg = Debug|Win32
		{CBD78125-5A66-4033-9D65-0B348F4BDFCD}.DVD-5|Win32.Build.0 = Debug|Win32
		{CBD78125-5A66-4033-9D65-0B348F4BDFCD}.DVD-5|x64.ActiveCfg = Debug|Win32
		{CBD78125-5A66-4033-9D65-0B348F4BDFCD}.Release|Any CPU.ActiveCfg = Release|Win32
		{CBD78125-5A66-4033-9D65-0B348F4BDFCD}.Release|ARM.ActiveCfg = Release|ARM
		{CBD78125-5A66-4033-9D65-0B348F4BDFCD}.Release|ARM.Build.0 = Release|ARM
		{CBD78125-5A66-4033-9D65-0B348F4BDFCD}.Release|Mixed Platforms.ActiveCfg = Release|Win32
		{CBD78125-5A66-4033-9D65-0B348F4BDFCD}.Release|Mixed Platforms.Build.0 = Release|Win32
		{CBD78125-5A66-4033-9D65-0B348F4BDFCD}.Release|Win32.ActiveCfg = Release|Win32
		{CBD78125-5A66-4033-9D65-0B348F4BDFCD}.Release|Win32.Build.0 = Release|Win32
		{CBD78125-5A66-4033-9D65-0B348F4BDFCD}.Release|x64.ActiveCfg = Release|Win32
		{CBD78125-5A66-4033-9D65-0B348F4BDFCD}.SingleImage|Any CPU.ActiveCfg = Release|Win32
		{CBD78125-5A66-4033-9D65-0B348F4BDFCD}.SingleImage|ARM.ActiveCfg = Release|ARM
		{CBD78125-5A66-4033-9D65-0B348F4BDFCD}.SingleImage|ARM.Build.0 = Release|ARM
		{CBD78125-5A66-4033-9D65-0B348F4BDFCD}.SingleImage|Mixed Platforms.ActiveCfg = Release|Win32
		{CBD78125-5A66-4033-9D65-0B348F4BDFCD}.SingleImage|Mixed Platforms.Build.0 = Release|Win32
		{CBD78125-5A66-4033-9D65-0B348F4BDFCD}.SingleImage|Win32.ActiveCfg = Release|Win32
		{CBD78125-5A66-4033-9D65-0B348F4BDFCD}.SingleImage|Win32.Build.0 = Release|Win32
		{CBD78125-5A66-4033-9D65-0B348F4BDFCD}.SingleImage|x64.ActiveCfg = Release|Win32
		{823088CA-22B2-448C-973C-035980773730}.CD_ROM|Any CPU.ActiveCfg = Release|Win32
		{823088CA-22B2-448C-973C-035980773730}.CD_ROM|ARM.ActiveCfg = Debug|Win32
		{823088CA-22B2-448C-973C-035980773730}.CD_ROM|Mixed Platforms.ActiveCfg = Release|Win32
		{823088CA-22B2-448C-973C-035980773730}.CD_ROM|Mixed Platforms.Build.0 = Release|Win32
		{823088CA-22B2-448C-973C-035980773730}.CD_ROM|Win32.ActiveCfg = Release|Win32
		{823088CA-22B2-448C-973C-035980773730}.CD_ROM|Win32.Build.0 = Release|Win32
		{823088CA-22B2-448C-973C-035980773730}.CD_ROM|x64.ActiveCfg = Release|Win32
		{823088CA-22B2-448C-973C-035980773730}.Debug|Any CPU.ActiveCfg = Debug|Win32
		{823088CA-22B2-448C-973C-035980773730}.Debug|ARM.ActiveCfg = Debug|Win32
		{823088CA-22B2-448C-973C-035980773730}.Debug|Mixed Platforms.ActiveCfg = Debug|Win32
		{823088CA-22B2-448C-973C-035980773730}.Debug|Mixed Platforms.Build.0 = Debug|Win32
		{823088CA-22B2-448C-973C-035980773730}.Debug|Win32.ActiveCfg = Debug|Win32
		{823088CA-22B2-448C-973C-035980773730}.Debug|Win32.Build.0 = Debug|Win32
		{823088CA-22B2-448C-973C-035980773730}.Debug|x64.ActiveCfg = Debug|Win32
		{823088CA-22B2-448C-973C-035980773730}.DVD-5|Any CPU.ActiveCfg = Debug|Win32
		{823088CA-22B2-448C-973C-035980773730}.DVD-5|ARM.ActiveCfg = Debug|Win32
		{823088CA-22B2-448C-973C-035980773730}.DVD-5|Mixed Platforms.ActiveCfg = Debug|Win32
		{823088CA-22B2-448C-973C-035980773730}.DVD-5|Mixed Platforms.Build.0 = Debug|Win32
		{823088CA-22B2-448C-973C-035980773730}.DVD-5|Win32.ActiveCfg = Debug|Win32
		{823088CA-22B2-448C-973C-035980773730}.DVD-5|Win32.Build.0 = Debug|Win32
		{823088CA-22B2-448C-973C-035980773730}.DVD-5|x64.ActiveCfg = Debug|Win32
		{823088CA-22B2-448C-973C-035980773730}.Release|Any CPU.ActiveCfg = Release|Win32
		{823088CA-22B2-448C-973C-035980773730}.Release|ARM.ActiveCfg = Release|Win32
		{823088CA-22B2-448C-973C-035980773730}.Release|Mixed Platforms.ActiveCfg = Release|Win32
		{823088CA-22B2-448C-973C-035980773730}.Release|Mixed Platforms.Build.0 = Release|Win32
		{823088CA-22B2-448C-973C-035980773730}.Release|Win32.ActiveCfg = Release|Win32
		{823088CA-22B2-448C-973C-035980773730}.Release|Win32.Build.0 = Release|Win32
		{823088CA-22B2-448C-973C-035980773730}.Release|x64.ActiveCfg = Release|Win32
		{823088CA-22B2-448C-973C-035980773730}.SingleImage|Any CPU.ActiveCfg = Release|Win32
		{823088CA-22B2-448C-973C-035980773730}.SingleImage|ARM.ActiveCfg = Debug|Win32
		{823088CA-22B2-448C-973C-035980773730}.SingleImage|Mixed Platforms.ActiveCfg = Release|Win32
		{823088CA-22B2-448C-973C-035980773730}.SingleImage|Mixed Platforms.Build.0 = Release|Win32
		{823088CA-22B2-448C-973C-035980773730}.SingleImage|Win32.ActiveCfg = Release|Win32
		{823088CA-22B2-448C-973C-035980773730}.SingleImage|Win32.Build.0 = Release|Win32
		{823088CA-22B2-448C-973C-035980773730}.SingleImage|x64.ActiveCfg = Release|Win32
		{187C9BF0-A77A-4E10-815F-DF4ACBA41DBA}.CD_ROM|Any CPU.ActiveCfg = Release|Win32
		{187C9BF0-A77A-4E10-815F-DF4ACBA41DBA}.CD_ROM|ARM.ActiveCfg = Debug|Win32
		{187C9BF0-A77A-4E10-815F-DF4ACBA41DBA}.CD_ROM|Mixed Platforms.ActiveCfg = Release|Win32
		{187C9BF0-A77A-4E10-815F-DF4ACBA41DBA}.CD_ROM|Mixed Platforms.Build.0 = Release|Win32
		{187C9BF0-A77A-4E10-815F-DF4ACBA41DBA}.CD_ROM|Win32.ActiveCfg = Release|Win32
		{187C9BF0-A77A-4E10-815F-DF4ACBA41DBA}.CD_ROM|Win32.Build.0 = Release|Win32
		{187C9BF0-A77A-4E10-815F-DF4ACBA41DBA}.CD_ROM|x64.ActiveCfg = Release|Win32
		{187C9BF0-A77A-4E10-815F-DF4ACBA41DBA}.Debug|Any CPU.ActiveCfg = Debug|Win32
		{187C9BF0-A77A-4E10-815F-DF4ACBA41DBA}.Debug|ARM.ActiveCfg = Debug|Win32
		{187C9BF0-A77A-4E10-815F-DF4ACBA41DBA}.Debug|Mixed Platforms.ActiveCfg = Debug|Win32
		{187C9BF0-A77A-4E10-815F-DF4ACBA41DBA}.Debug|Mixed Platforms.Build.0 = Debug|Win32
		{187C9BF0-A77A-4E10-815F-DF4ACBA41DBA}.Debug|Win32.ActiveCfg = Debug|Win32
		{187C9BF0-A77A-4E10-815F-DF4ACBA41DBA}.Debug|Win32.Build.0 = Debug|Win32
		{187C9BF0-A77A-4E10-815F-DF4ACBA41DBA}.Debug|x64.ActiveCfg = Debug|Win32
		{187C9BF0-A77A-4E10-815F-DF4ACBA41DBA}.DVD-5|Any CPU.ActiveCfg = Debug|Win32
		{187C9BF0-A77A-4E10-815F-DF4ACBA41DBA}.DVD-5|ARM.ActiveCfg = Debug|Win32
		{187C9BF0-A77A-4E10-815F-DF4ACBA41DBA}.DVD-5|Mixed Platforms.ActiveCfg = Debug|Win32
		{187C9BF0-A77A-4E10-815F-DF4ACBA41DBA}.DVD-5|Mixed Platforms.Build.0 = Debug|Win32
		{187C9BF0-A77A-4E10-815F-DF4ACBA41DBA}.DVD-5|Win32.ActiveCfg = Debug|Win32
		{187C9BF0-A77A-4E10-815F-DF4ACBA41DBA}.DVD-5|Win32.Build.0 = Debug|Win32
		{187C9BF0-A77A-4E10-815F-DF4ACBA41DBA}.DVD-5|x64.ActiveCfg = Debug|Win32
		{187C9BF0-A77A-4E10-815F-DF4ACBA41DBA}.Release|Any CPU.ActiveCfg = Release|Win32
		{187C9BF0-A77A-4E10-815F-DF4ACBA41DBA}.Release|ARM.ActiveCfg = Release|Win32
		{187C9BF0-A77A-4E10-815F-DF4ACBA41DBA}.Release|Mixed Platforms.ActiveCfg = Release|Win32
		{187C9BF0-A77A-4E10-815F-DF4ACBA41DBA}.Release|Mixed Platforms.Build.0 = Release|Win32
		{187C9BF0-A77A-4E10-815F-DF4ACBA41DBA}.Release|Win32.ActiveCfg = Release|Win32
		{187C9BF0-A77A-4E10-815F-DF4ACBA41DBA}.Release|Win32.Build.0 = Release|Win32
		{187C9BF0-A77A-4E10-815F-DF4ACBA41DBA}.Release|x64.ActiveCfg = Release|Win32
		{187C9BF0-A77A-4E10-815F-DF4ACBA41DBA}.SingleImage|Any CPU.ActiveCfg = Release|Win32
		{187C9BF0-A77A-4E10-815F-DF4ACBA41DBA}.SingleImage|ARM.ActiveCfg = Debug|Win32
		{187C9BF0-A77A-4E10-815F-DF4ACBA41DBA}.SingleImage|Mixed Platforms.ActiveCfg = Release|Win32
		{187C9BF0-A77A-4E10-815F-DF4ACBA41DBA}.SingleImage|Mixed Platforms.Build.0 = Release|Win32
		{187C9BF0-A77A-4E10-815F-DF4ACBA41DBA}.SingleImage|Win32.ActiveCfg = Release|Win32
		{187C9BF0-A77A-4E10-815F-DF4ACBA41DBA}.SingleImage|Win32.Build.0 = Release|Win32
		{187C9BF0-A77A-4E10-815F-DF4ACBA41DBA}.SingleImage|x64.ActiveCfg = Release|Win32
		{39ED2411-0875-4C64-8944-BEB4D8452A9E}.CD_ROM|Any CPU.ActiveCfg = Release|Win32
		{39ED2411-0875-4C64-8944-BEB4D8452A9E}.CD_ROM|ARM.ActiveCfg = Release|Win32
		{39ED2411-0875-4C64-8944-BEB4D8452A9E}.CD_ROM|Mixed Platforms.ActiveCfg = Release|Win32
		{39ED2411-0875-4C64-8944-BEB4D8452A9E}.CD_ROM|Mixed Platforms.Build.0 = Release|Win32
		{39ED2411-0875-4C64-8944-BEB4D8452A9E}.CD_ROM|Win32.ActiveCfg = Release|Win32
		{39ED2411-0875-4C64-8944-BEB4D8452A9E}.CD_ROM|Win32.Build.0 = Release|Win32
		{39ED2411-0875-4C64-8944-BEB4D8452A9E}.CD_ROM|x64.ActiveCfg = Release|Win32
		{39ED2411-0875-4C64-8944-BEB4D8452A9E}.Debug|Any CPU.ActiveCfg = Debug|Win32
		{39ED2411-0875-4C64-8944-BEB4D8452A9E}.Debug|ARM.ActiveCfg = Debug|Win32
		{39ED2411-0875-4C64-8944-BEB4D8452A9E}.Debug|Mixed Platforms.ActiveCfg = Debug|Win32
		{39ED2411-0875-4C64-8944-BEB4D8452A9E}.Debug|Mixed Platforms.Build.0 = Debug|Win32
		{39ED2411-0875-4C64-8944-BEB4D8452A9E}.Debug|Win32.ActiveCfg = Debug|Win32
		{39ED2411-0875-4C64-8944-BEB4D8452A9E}.Debug|Win32.Build.0 = Debug|Win32
		{39ED2411-0875-4C64-8944-BEB4D8452A9E}.Debug|x64.ActiveCfg = Debug|Win32
		{39ED2411-0875-4C64-8944-BEB4D8452A9E}.DVD-5|Any CPU.ActiveCfg = Debug|Win32
		{39ED2411-0875-4C64-8944-BEB4D8452A9E}.DVD-5|ARM.ActiveCfg = Debug|Win32
		{39ED2411-0875-4C64-8944-BEB4D8452A9E}.DVD-5|Mixed Platforms.ActiveCfg = Debug|Win32
		{39ED2411-0875-4C64-8944-BEB4D8452A9E}.DVD-5|Mixed Platforms.Build.0 = Debug|Win32
		{39ED2411-0875-4C64-8944-BEB4D8452A9E}.DVD-5|Win32.ActiveCfg = Debug|Win32
		{39ED2411-0875-4C64-8944-BEB4D8452A9E}.DVD-5|Win32.Build.0 = Debug|Win32
		{39ED2411-0875-4C64-8944-BEB4D8452A9E}.DVD-5|x64.ActiveCfg = Debug|Win32
		{39ED2411-0875-4C64-8944-BEB4D8452A9E}.Release|Any CPU.ActiveCfg = Release|Win32
		{39ED2411-0875-4C64-8944-BEB4D8452A9E}.Release|ARM.ActiveCfg = Release|Win32
		{39ED2411-0875-4C64-8944-BEB4D8452A9E}.Release|Mixed Platforms.ActiveCfg = Release|Win32
		{39ED2411-0875-4C64-8944-BEB4D8452A9E}.Release|Mixed Platforms.Build.0 = Release|Win32
		{39ED2411-0875-4C64-8944-BEB4D8452A9E}.Release|Win32.ActiveCfg = Release|Win32
		{39ED2411-0875-4C64-8944-BEB4D8452A9E}.Release|Win32.Build.0 = Release|Win32
		{39ED2411-0875-4C64-8944-BEB4D8452A9E}.Release|x64.ActiveCfg = Release|Win32
		{39ED2411-0875-4C64-8944-BEB4D8452A9E}.SingleImage|Any CPU.ActiveCfg = Release|Win32
		{39ED2411-0875-4C64-8944-BEB4D8452A9E}.SingleImage|ARM.ActiveCfg = Release|Win32
		{39ED2411-0875-4C64-8944-BEB4D8452A9E}.SingleImage|Mixed Platforms.ActiveCfg = Release|Win32
		{39ED2411-0875-4C64-8944-BEB4D8452A9E}.SingleImage|Mixed Platforms.Build.0 = Release|Win32
		{39ED2411-0875-4C64-8944-BEB4D8452A9E}.SingleImage|Win32.ActiveCfg = Release|Win32
		{39ED2411-0875-4C64-8944-BEB4D8452A9E}.SingleImage|Win32.Build.0 = Release|Win32
		{39ED2411-0875-4C64-8944-BEB4D8452A9E}.SingleImage|x64.ActiveCfg = Release|Win32
		{C0C30EFB-FAEC-4C8C-A67E-F181E14FD49E}.CD_ROM|Any CPU.ActiveCfg = Release|Win32
		{C0C30EFB-FAEC-4C8C-A67E-F181E14FD49E}.CD_ROM|ARM.ActiveCfg = Release|Win32
		{C0C30EFB-FAEC-4C8C-A67E-F181E14FD49E}.CD_ROM|Mixed Platforms.ActiveCfg = Release|Win32
		{C0C30EFB-FAEC-4C8C-A67E-F181E14FD49E}.CD_ROM|Mixed Platforms.Build.0 = Release|Win32
		{C0C30EFB-FAEC-4C8C-A67E-F181E14FD49E}.CD_ROM|Win32.ActiveCfg = Release|Win32
		{C0C30EFB-FAEC-4C8C-A67E-F181E14FD49E}.CD_ROM|Win32.Build.0 = Release|Win32
		{C0C30EFB-FAEC-4C8C-A67E-F181E14FD49E}.CD_ROM|x64.ActiveCfg = Release|Win32
		{C0C30EFB-FAEC-4C8C-A67E-F181E14FD49E}.Debug|Any CPU.ActiveCfg = Debug|Win32
		{C0C30EFB-FAEC-4C8C-A67E-F181E14FD49E}.Debug|ARM.ActiveCfg = Debug|Win32
		{C0C30EFB-FAEC-4C8C-A67E-F181E14FD49E}.Debug|Mixed Platforms.ActiveCfg = Debug|Win32
		{C0C30EFB-FAEC-4C8C-A67E-F181E14FD49E}.Debug|Mixed Platforms.Build.0 = Debug|Win32
		{C0C30EFB-FAEC-4C8C-A67E-F181E14FD49E}.Debug|Win32.ActiveCfg = Debug|Win32
		{C0C30EFB-FAEC-4C8C-A67E-F181E14FD49E}.Debug|Win32.Build.0 = Debug|Win32
		{C0C30EFB-FAEC-4C8C-A67E-F181E14FD49E}.Debug|x64.ActiveCfg = Debug|Win32
		{C0C30EFB-FAEC-4C8C-A67E-F181E14FD49E}.DVD-5|Any CPU.ActiveCfg = Debug|Win32
		{C0C30EFB-FAEC-4C8C-A67E-F181E14FD49E}.DVD-5|ARM.ActiveCfg = Debug|Win32
		{C0C30EFB-FAEC-4C8C-A67E-F181E14FD49E}.DVD-5|Mixed Platforms.ActiveCfg = Debug|Win32
		{C0C30EFB-FAEC-4C8C-A67E-F181E14FD49E}.DVD-5|Mixed Platforms.Build.0 = Debug|Win32
		{C0C30EFB-FAEC-4C8C-A67E-F181E14FD49E}.DVD-5|Win32.ActiveCfg = Debug|Win32
		{C0C30EFB-FAEC-4C8C-A67E-F181E14FD49E}.DVD-5|Win32.Build.0 = Debug|Win32
		{C0C30EFB-FAEC-4C8C-A67E-F181E14FD49E}.DVD-5|x64.ActiveCfg = Debug|Win32
		{C0C30EFB-FAEC-4C8C-A67E-F181E14FD49E}.Release|Any CPU.ActiveCfg = Release|Win32
		{C0C30EFB-FAEC-4C8C-A67E-F181E14FD49E}.Release|ARM.ActiveCfg = Release|Win32
		{C0C30EFB-FAEC-4C8C-A67E-F181E14FD49E}.Release|Mixed Platforms.ActiveCfg = Release|Win32
		{C0C30EFB-FAEC-4C8C-A67E-F181E14FD49E}.Release|Mixed Platforms.Build.0 = Release|Win32
		{C0C30EFB-FAEC-4C8C-A67E-F181E14FD49E}.Release|Win32.ActiveCfg = Release|Win32
		{C0C30EFB-FAEC-4C8C-A67E-F181E14FD49E}.Release|Win32.Build.0 = Release|Win32
		{C0C30EFB-FAEC-4C8C-A67E-F181E14FD49E}.Release|x64.ActiveCfg = Release|Win32
		{C0C30EFB-FAEC-4C8C-A67E-F181E14FD49E}.SingleImage|Any CPU.ActiveCfg = Release|Win32
		{C0C30EFB-FAEC-4C8C-A67E-F181E14FD49E}.SingleImage|ARM.ActiveCfg = Release|Win32
		{C0C30EFB-FAEC-4C8C-A67E-F181E14FD49E}.SingleImage|Mixed Platforms.ActiveCfg = Release|Win32
		{C0C30EFB-FAEC-4C8C-A67E-F181E14FD49E}.SingleImage|Mixed Platforms.Build.0 = Release|Win32
		{C0C30EFB-FAEC-4C8C-A67E-F181E14FD49E}.SingleImage|Win32.ActiveCfg = Release|Win32
		{C0C30EFB-FAEC-4C8C-A67E-F181E14FD49E}.SingleImage|Win32.Build.0 = Release|Win32
		{C0C30EFB-FAEC-4C8C-A67E-F181E14FD49E}.SingleImage|x64.ActiveCfg = Release|Win32
		{56168C50-8487-470F-AF50-5B2453ABC73F}.CD_ROM|Any CPU.ActiveCfg = Release|Win32
		{56168C50-8487-470F-AF50-5B2453ABC73F}.CD_ROM|ARM.ActiveCfg = Release|Win32
		{56168C50-8487-470F-AF50-5B2453ABC73F}.CD_ROM|Mixed Platforms.ActiveCfg = Release|Win32
		{56168C50-8487-470F-AF50-5B2453ABC73F}.CD_ROM|Mixed Platforms.Build.0 = Release|Win32
		{56168C50-8487-470F-AF50-5B2453ABC73F}.CD_ROM|Win32.ActiveCfg = Release|Win32
		{56168C50-8487-470F-AF50-5B2453ABC73F}.CD_ROM|Win32.Build.0 = Release|Win32
		{56168C50-8487-470F-AF50-5B2453ABC73F}.CD_ROM|x64.ActiveCfg = Release|Win32
		{56168C50-8487-470F-AF50-5B2453ABC73F}.Debug|Any CPU.ActiveCfg = Debug|Win32
		{56168C50-8487-470F-AF50-5B2453ABC73F}.Debug|ARM.ActiveCfg = Debug|Win32
		{56168C50-8487-470F-AF50-5B2453ABC73F}.Debug|Mixed Platforms.ActiveCfg = Debug|Win32
		{56168C50-8487-470F-AF50-5B2453ABC73F}.Debug|Mixed Platforms.Build.0 = Debug|Win32
		{56168C50-8487-470F-AF50-5B2453ABC73F}.Debug|Win32.ActiveCfg = Debug|Win32
		{56168C50-8487-470F-AF50-5B2453ABC73F}.Debug|Win32.Build.0 = Debug|Win32
		{56168C50-8487-470F-AF50-5B2453ABC73F}.Debug|x64.ActiveCfg = Debug|Win32
		{56168C50-8487-470F-AF50-5B2453ABC73F}.DVD-5|Any CPU.ActiveCfg = Debug|Win32
		{56168C50-8487-470F-AF50-5B2453ABC73F}.DVD-5|ARM.ActiveCfg = Debug|Win32
		{56168C50-8487-470F-AF50-5B2453ABC73F}.DVD-5|Mixed Platforms.ActiveCfg = Debug|Win32
		{56168C50-8487-470F-AF50-5B2453ABC73F}.DVD-5|Mixed Platforms.Build.0 = Debug|Win32
		{56168C50-8487-470F-AF50-5B2453ABC73F}.DVD-5|Win32.ActiveCfg = Debug|Win32
		{56168C50-8487-470F-AF50-5B2453ABC73F}.DVD-5|Win32.Build.0 = Debug|Win32
		{56168C50-8487-470F-AF50-5B2453ABC73F}.DVD-5|x64.ActiveCfg = Debug|Win32
		{56168C50-8487-470F-AF50-5B2453ABC73F}.Release|Any CPU.ActiveCfg = Release|Win32
		{56168C50-8487-470F-AF50-5B2453ABC73F}.Release|ARM.ActiveCfg = Release|Win32
		{56168C50-8487-470F-AF50-5B2453ABC73F}.Release|Mixed Platforms.ActiveCfg = Release|Win32
		{56168C50-8487-470F-AF50-5B2453ABC73F}.Release|Mixed Platforms.Build.0 = Release|Win32
		{56168C50-8487-470F-AF50-5B2453ABC73F}.Release|Win32.ActiveCfg = Release|Win32
		{56168C50-8487-470F-AF50-5B2453ABC73F}.Release|Win32.Build.0 = Release|Win32
		{56168C50-8487-470F-AF50-5B2453ABC73F}.Release|x64.ActiveCfg = Release|Win32
		{56168C50-8487-470F-AF50-5B2453ABC73F}.SingleImage|Any CPU.ActiveCfg = Release|Win32
		{56168C50-8487-470F-AF50-5B2453ABC73F}.SingleImage|ARM.ActiveCfg = Release|Win32
		{56168C50-8487-470F-AF50-5B2453ABC73F}.SingleImage|Mixed Platforms.ActiveCfg = Release|Win32
		{56168C50-8487-470F-AF50-5B2453ABC73F}.SingleImage|Mixed Platforms.Build.0 = Release|Win32
		{56168C50-8487-470F-AF50-5B2453ABC73F}.SingleImage|Win32.ActiveCfg = Release|Win32
		{56168C50-8487-470F-AF50-5B2453ABC73F}.SingleImage|Win32.Build.0 = Release|Win32
		{56168C50-8487-470F-AF50-5B2453ABC73F}.SingleImage|x64.ActiveCfg = Release|Win32
		{6DCB9DB9-31C3-4936-A558-66E814D16285}.CD_ROM|Any CPU.ActiveCfg = Release|Win32
		{6DCB9DB9-31C3-4936-A558-66E814D16285}.CD_ROM|ARM.ActiveCfg = Release|Win32
		{6DCB9DB9-31C3-4936-A558-66E814D16285}.CD_ROM|Mixed Platforms.ActiveCfg = Release|Win32
		{6DCB9DB9-31C3-4936-A558-66E814D16285}.CD_ROM|Mixed Platforms.Build.0 = Release|Win32
		{6DCB9DB9-31C3-4936-A558-66E814D16285}.CD_ROM|Win32.ActiveCfg = Release|Win32
		{6DCB9DB9-31C3-4936-A558-66E814D16285}.CD_ROM|Win32.Build.0 = Release|Win32
		{6DCB9DB9-31C3-4936-A558-66E814D16285}.CD_ROM|x64.ActiveCfg = Release|Win32
		{6DCB9DB9-31C3-4936-A558-66E814D16285}.Debug|Any CPU.ActiveCfg = Debug|Win32
		{6DCB9DB9-31C3-4936-A558-66E814D16285}.Debug|ARM.ActiveCfg = Debug|Win32
		{6DCB9DB9-31C3-4936-A558-66E814D16285}.Debug|Mixed Platforms.ActiveCfg = Debug|Win32
		{6DCB9DB9-31C3-4936-A558-66E814D16285}.Debug|Mixed Platforms.Build.0 = Debug|Win32
		{6DCB9DB9-31C3-4936-A558-66E814D16285}.Debug|Win32.ActiveCfg = Debug|Win32
		{6DCB9DB9-31C3-4936-A558-66E814D16285}.Debug|Win32.Build.0 = Debug|Win32
		{6DCB9DB9-31C3-4936-A558-66E814D16285}.Debug|x64.ActiveCfg = Debug|Win32
		{6DCB9DB9-31C3-4936-A558-66E814D16285}.DVD-5|Any CPU.ActiveCfg = Debug|Win32
		{6DCB9DB9-31C3-4936-A558-66E814D16285}.DVD-5|ARM.ActiveCfg = Debug|Win32
		{6DCB9DB9-31C3-4936-A558-66E814D16285}.DVD-5|Mixed Platforms.ActiveCfg = Debug|Win32
		{6DCB9DB9-31C3-4936-A558-66E814D16285}.DVD-5|Mixed Platforms.Build.0 = Debug|Win32
		{6DCB9DB9-31C3-4936-A558-66E814D16285}.DVD-5|Win32.ActiveCfg = Debug|Win32
		{6DCB9DB9-31C3-4936-A558-66E814D16285}.DVD-5|Win32.Build.0 = Debug|Win32
		{6DCB9DB9-31C3-4936-A558-66E814D16285}.DVD-5|x64.ActiveCfg = Debug|Win32
		{6DCB9DB9-31C3-4936-A558-66E814D16285}.Release|Any CPU.ActiveCfg = Release|Win32
		{6DCB9DB9-31C3-4936-A558-66E814D16285}.Release|ARM.ActiveCfg = Release|Win32
		{6DCB9DB9-31C3-4936-A558-66E814D16285}.Release|Mixed Platforms.ActiveCfg = Release|Win32
		{6DCB9DB9-31C3-4936-A558-66E814D16285}.Release|Mixed Platforms.Build.0 = Release|Win32
		{6DCB9DB9-31C3-4936-A558-66E814D16285}.Release|Win32.ActiveCfg = Release|Win32
		{6DCB9DB9-31C3-4936-A558-66E814D16285}.Release|Win32.Build.0 = Release|Win32
		{6DCB9DB9-31C3-4936-A558-66E814D16285}.Release|x64.ActiveCfg = Release|Win32
		{6DCB9DB9-31C3-4936-A558-66E814D16285}.SingleImage|Any CPU.ActiveCfg = Release|Win32
		{6DCB9DB9-31C3-4936-A558-66E814D16285}.SingleImage|ARM.ActiveCfg = Release|Win32
		{6DCB9DB9-31C3-4936-A558-66E814D16285}.SingleImage|Mixed Platforms.ActiveCfg = Release|Win32
		{6DCB9DB9-31C3-4936-A558-66E814D16285}.SingleImage|Mixed Platforms.Build.0 = Release|Win32
		{6DCB9DB9-31C3-4936-A558-66E814D16285}.SingleImage|Win32.ActiveCfg = Release|Win32
		{6DCB9DB9-31C3-4936-A558-66E814D16285}.SingleImage|Win32.Build.0 = Release|Win32
		{6DCB9DB9-31C3-4936-A558-66E814D16285}.SingleImage|x64.ActiveCfg = Release|Win32
		{5C7CBE0B-145D-4E21-A301-3FD667F7DDD9}.CD_ROM|Any CPU.ActiveCfg = Release|Win32
		{5C7CBE0B-145D-4E21-A301-3FD667F7DDD9}.CD_ROM|ARM.ActiveCfg = Release|Win32
		{5C7CBE0B-145D-4E21-A301-3FD667F7DDD9}.CD_ROM|Mixed Platforms.ActiveCfg = Release|Win32
		{5C7CBE0B-145D-4E21-A301-3FD667F7DDD9}.CD_ROM|Mixed Platforms.Build.0 = Release|Win32
		{5C7CBE0B-145D-4E21-A301-3FD667F7DDD9}.CD_ROM|Win32.ActiveCfg = Release|Win32
		{5C7CBE0B-145D-4E21-A301-3FD667F7DDD9}.CD_ROM|Win32.Build.0 = Release|Win32
		{5C7CBE0B-145D-4E21-A301-3FD667F7DDD9}.CD_ROM|x64.ActiveCfg = Release|Win32
		{5C7CBE0B-145D-4E21-A301-3FD667F7DDD9}.Debug|Any CPU.ActiveCfg = Debug|Win32
		{5C7CBE0B-145D-4E21-A301-3FD667F7DDD9}.Debug|ARM.ActiveCfg = Debug|Win32
		{5C7CBE0B-145D-4E21-A301-3FD667F7DDD9}.Debug|Mixed Platforms.ActiveCfg = Debug|Win32
		{5C7CBE0B-145D-4E21-A301-3FD667F7DDD9}.Debug|Mixed Platforms.Build.0 = Debug|Win32
		{5C7CBE0B-145D-4E21-A301-3FD667F7DDD9}.Debug|Win32.ActiveCfg = Debug|Win32
		{5C7CBE0B-145D-4E21-A301-3FD667F7DDD9}.Debug|Win32.Build.0 = Debug|Win32
		{5C7CBE0B-145D-4E21-A301-3FD667F7DDD9}.Debug|x64.ActiveCfg = Debug|Win32
		{5C7CBE0B-145D-4E21-A301-3FD667F7DDD9}.DVD-5|Any CPU.ActiveCfg = Debug|Win32
		{5C7CBE0B-145D-4E21-A301-3FD667F7DDD9}.DVD-5|ARM.ActiveCfg = Debug|Win32
		{5C7CBE0B-145D-4E21-A301-3FD667F7DDD9}.DVD-5|Mixed Platforms.ActiveCfg = Debug|Win32
		{5C7CBE0B-145D-4E21-A301-3FD667F7DDD9}.DVD-5|Mixed Platforms.Build.0 = Debug|Win32
		{5C7CBE0B-145D-4E21-A301-3FD667F7DDD9}.DVD-5|Win32.ActiveCfg = Debug|Win32
		{5C7CBE0B-145D-4E21-A301-3FD667F7DDD9}.DVD-5|Win32.Build.0 = Debug|Win32
		{5C7CBE0B-145D-4E21-A301-3FD667F7DDD9}.DVD-5|x64.ActiveCfg = Debug|Win32
		{5C7CBE0B-145D-4E21-A301-3FD667F7DDD9}.Release|Any CPU.ActiveCfg = Release|Win32
		{5C7CBE0B-145D-4E21-A301-3FD667F7DDD9}.Release|ARM.ActiveCfg = Release|Win32
		{5C7CBE0B-145D-4E21-A301-3FD667F7DDD9}.Release|Mixed Platforms.ActiveCfg = Release|Win32
		{5C7CBE0B-145D-4E21-A301-3FD667F7DDD9}.Release|Mixed Platforms.Build.0 = Release|Win32
		{5C7CBE0B-145D-4E21-A301-3FD667F7DDD9}.Release|Win32.ActiveCfg = Release|Win32
		{5C7CBE0B-145D-4E21-A301-3FD667F7DDD9}.Release|Win32.Build.0 = Release|Win32
		{5C7CBE0B-145D-4E21-A301-3FD667F7DDD9}.Release|x64.ActiveCfg = Release|Win32
		{5C7CBE0B-145D-4E21-A301-3FD667F7DDD9}.SingleImage|Any CPU.ActiveCfg = Release|Win32
		{5C7CBE0B-145D-4E21-A301-3FD667F7DDD9}.SingleImage|ARM.ActiveCfg = Release|Win32
		{5C7CBE0B-145D-4E21-A301-3FD667F7DDD9}.SingleImage|Mixed Platforms.ActiveCfg = Release|Win32
		{5C7CBE0B-145D-4E21-A301-3FD667F7DDD9}.SingleImage|Mixed Platforms.Build.0 = Release|Win32
		{5C7CBE0B-145D-4E21-A301-3FD667F7DDD9}.SingleImage|Win32.ActiveCfg = Release|Win32
		{5C7CBE0B-145D-4E21-A301-3FD667F7DDD9}.SingleImage|Win32.Build.0 = Release|Win32
		{5C7CBE0B-145D-4E21-A301-3FD667F7DDD9}.SingleImage|x64.ActiveCfg = Release|Win32
		{38843A3A-6FEA-4EAF-9E8C-147B401A23B8}.CD_ROM|Any CPU.ActiveCfg = Release|Win32
		{38843A3A-6FEA-4EAF-9E8C-147B401A23B8}.CD_ROM|ARM.ActiveCfg = Release|Win32
		{38843A3A-6FEA-4EAF-9E8C-147B401A23B8}.CD_ROM|Mixed Platforms.ActiveCfg = Release|Win32
		{38843A3A-6FEA-4EAF-9E8C-147B401A23B8}.CD_ROM|Mixed Platforms.Build.0 = Release|Win32
		{38843A3A-6FEA-4EAF-9E8C-147B401A23B8}.CD_ROM|Win32.ActiveCfg = Release|Win32
		{38843A3A-6FEA-4EAF-9E8C-147B401A23B8}.CD_ROM|Win32.Build.0 = Release|Win32
		{38843A3A-6FEA-4EAF-9E8C-147B401A23B8}.CD_ROM|x64.ActiveCfg = Release|Win32
		{38843A3A-6FEA-4EAF-9E8C-147B401A23B8}.Debug|Any CPU.ActiveCfg = Debug|Win32
		{38843A3A-6FEA-4EAF-9E8C-147B401A23B8}.Debug|ARM.ActiveCfg = Debug|Win32
		{38843A3A-6FEA-4EAF-9E8C-147B401A23B8}.Debug|Mixed Platforms.ActiveCfg = Debug|Win32
		{38843A3A-6FEA-4EAF-9E8C-147B401A23B8}.Debug|Mixed Platforms.Build.0 = Debug|Win32
		{38843A3A-6FEA-4EAF-9E8C-147B401A23B8}.Debug|Win32.ActiveCfg = Debug|Win32
		{38843A3A-6FEA-4EAF-9E8C-147B401A23B8}.Debug|Win32.Build.0 = Debug|Win32
		{38843A3A-6FEA-4EAF-9E8C-147B401A23B8}.Debug|x64.ActiveCfg = Debug|Win32
		{38843A3A-6FEA-4EAF-9E8C-147B401A23B8}.DVD-5|Any CPU.ActiveCfg = Debug|Win32
		{38843A3A-6FEA-4EAF-9E8C-147B401A23B8}.DVD-5|ARM.ActiveCfg = Debug|Win32
		{38843A3A-6FEA-4EAF-9E8C-147B401A23B8}.DVD-5|Mixed Platforms.ActiveCfg = Debug|Win32
		{38843A3A-6FEA-4EAF-9E8C-147B401A23B8}.DVD-5|Mixed Platforms.Build.0 = Debug|Win32
		{38843A3A-6FEA-4EAF-9E8C-147B401A23B8}.DVD-5|Win32.ActiveCfg = Debug|Win32
		{38843A3A-6FEA-4EAF-9E8C-147B401A23B8}.DVD-5|Win32.Build.0 = Debug|Win32
		{38843A3A-6FEA-4EAF-9E8C-147B401A23B8}.DVD-5|x64.ActiveCfg = Debug|Win32
		{38843A3A-6FEA-4EAF-9E8C-147B401A23B8}.Release|Any CPU.ActiveCfg = Release|Win32
		{38843A3A-6FEA-4EAF-9E8C-147B401A23B8}.Release|ARM.ActiveCfg = Release|Win32
		{38843A3A-6FEA-4EAF-9E8C-147B401A23B8}.Release|Mixed Platforms.ActiveCfg = Release|Win32
		{38843A3A-6FEA-4EAF-9E8C-147B401A23B8}.Release|Mixed Platforms.Build.0 = Release|Win32
		{38843A3A-6FEA-4EAF-9E8C-147B401A23B8}.Release|Win32.ActiveCfg = Release|Win32
		{38843A3A-6FEA-4EAF-9E8C-147B401A23B8}.Release|Win32.Build.0 = Release|Win32
		{38843A3A-6FEA-4EAF-9E8C-147B401A23B8}.Release|x64.ActiveCfg = Release|Win32
		{38843A3A-6FEA-4EAF-9E8C-147B401A23B8}.SingleImage|Any CPU.ActiveCfg = Release|Win32
		{38843A3A-6FEA-4EAF-9E8C-147B401A23B8}.SingleImage|ARM.ActiveCfg = Release|Win32
		{38843A3A-6FEA-4EAF-9E8C-147B401A23B8}.SingleImage|Mixed Platforms.ActiveCfg = Release|Win32
		{38843A3A-6FEA-4EAF-9E8C-147B401A23B8}.SingleImage|Mixed Platforms.Build.0 = Release|Win32
		{38843A3A-6FEA-4EAF-9E8C-147B401A23B8}.SingleImage|Win32.ActiveCfg = Release|Win32
		{38843A3A-6FEA-4EAF-9E8C-147B401A23B8}.SingleImage|Win32.Build.0 = Release|Win32
		{38843A3A-6FEA-4EAF-9E8C-147B401A23B8}.SingleImage|x64.ActiveCfg = Release|Win32
	EndGlobalSection
	GlobalSection(SolutionProperties) = preSolution
		HideSolutionNode = FALSE
	EndGlobalSection
	GlobalSection(NestedProjects) = preSolution
		{D6F0F22B-302F-4447-B206-48BAE2F770C1} = {F4BD6353-D9C4-497C-8F3F-AD7C150552DD}
		{DDDBF611-A26E-454B-BC73-9F1926B36DE8} = {F4BD6353-D9C4-497C-8F3F-AD7C150552DD}
		{89A4F0A7-53F3-4C4F-AEFF-27074CCAE973} = {F4BD6353-D9C4-497C-8F3F-AD7C150552DD}
		{AAB5554E-9CD7-4AAD-8194-98C5982269A9} = {DDDBF611-A26E-454B-BC73-9F1926B36DE8}
		{C964C5C1-AC38-4302-8224-A2A6353FB777} = {DDDBF611-A26E-454B-BC73-9F1926B36DE8}
		{CBD78125-5A66-4033-9D65-0B348F4BDFCD} = {DDDBF611-A26E-454B-BC73-9F1926B36DE8}
		{BC7E0473-BC31-4CD7-8A44-860A482B6FE1} = {DDDBF611-A26E-454B-BC73-9F1926B36DE8}
		{39ED2411-0875-4C64-8944-BEB4D8452A9E} = {FCA5D8BB-9AAC-49F9-8817-9F4E36701F80}
		{C0C30EFB-FAEC-4C8C-A67E-F181E14FD49E} = {FCA5D8BB-9AAC-49F9-8817-9F4E36701F80}
		{56168C50-8487-470F-AF50-5B2453ABC73F} = {FCA5D8BB-9AAC-49F9-8817-9F4E36701F80}
		{6DCB9DB9-31C3-4936-A558-66E814D16285} = {FCA5D8BB-9AAC-49F9-8817-9F4E36701F80}
		{5C7CBE0B-145D-4E21-A301-3FD667F7DDD9} = {FCA5D8BB-9AAC-49F9-8817-9F4E36701F80}
	EndGlobalSection
EndGlobal
