<?xml version="1.0" encoding="utf-8"?>
<Project ToolsVersion="4.0" xmlns="http://schemas.microsoft.com/developer/msbuild/2003">
  <ItemGroup>
    <Filter Include="源文件">
      <UniqueIdentifier>{4FC737F1-C7A5-4376-A066-2A32D752A2FF}</UniqueIdentifier>
      <Extensions>cpp;c;cc;cxx;def;odl;idl;hpj;bat;asm;asmx</Extensions>
    </Filter>
    <Filter Include="头文件">
      <UniqueIdentifier>{93995380-89BD-4b04-88EB-625FBE52EBFB}</UniqueIdentifier>
      <Extensions>h;hh;hpp;hxx;hm;inl;inc;xsd</Extensions>
    </Filter>
    <Filter Include="View">
      <UniqueIdentifier>{a2b5cdb0-38fe-4946-84a7-714428ddc007}</UniqueIdentifier>
    </Filter>
    <Filter Include="View\header">
      <UniqueIdentifier>{c21dc9ea-fa7b-4702-a619-8c7d508e82b1}</UniqueIdentifier>
    </Filter>
    <Filter Include="View\source">
      <UniqueIdentifier>{dbcd5c84-1041-4575-b22d-d5b744de941b}</UniqueIdentifier>
    </Filter>
  </ItemGroup>
  <ItemGroup>
    <ClInclude Include="ffUI.h">
      <Filter>头文件</Filter>
    </ClInclude>
    <ClInclude Include="ffUILayer.h">
      <Filter>头文件</Filter>
    </ClInclude>
    <ClInclude Include="ffUIEvent.h">
      <Filter>头文件</Filter>
    </ClInclude>
    <ClInclude Include="View\ffUIButton.h">
      <Filter>View\header</Filter>
    </ClInclude>
    <ClInclude Include="ffUIView.h">
      <Filter>头文件</Filter>
    </ClInclude>
    <ClInclude Include="ffBind.h">
      <Filter>头文件</Filter>
    </ClInclude>
    <ClInclude Include="View\ffUIImage.h">
      <Filter>View\header</Filter>
    </ClInclude>
    <ClInclude Include="View\ffUIForm.h">
      <Filter>View\header</Filter>
    </ClInclude>
    <ClInclude Include="View\ffUILable.h">
      <Filter>View\header</Filter>
    </ClInclude>
  </ItemGroup>
  <ItemGroup>
    <ClCompile Include="ffUILayer.cpp">
      <Filter>源文件</Filter>
    </ClCompile>
    <ClCompile Include="View\ffUIButton.cpp">
      <Filter>View\source</Filter>
    </ClCompile>
    <ClCompile Include="ffUIView.cpp">
      <Filter>源文件</Filter>
    </ClCompile>
    <ClCompile Include="View\ffUIImage.cpp">
      <Filter>View\source</Filter>
    </ClCompile>
    <ClCompile Include="View\ffUIForm.cpp">
      <Filter>View\source</Filter>
    </ClCompile>
    <ClCompile Include="View\ffUILable.cpp">
      <Filter>View\source</Filter>
    </ClCompile>
  </ItemGroup>
</Project>